// !$*UTF8*$!
{
	archiveVersion = 1;
	classes = {
	};
	objectVersion = 55;
	objects = {

/* Begin PBXBuildFile section */
		B20054EF28A7A074001FDAC4 /* AppDelegate.swift in Sources */ = {isa = PBXBuildFile; fileRef = B20054EE28A7A074001FDAC4 /* AppDelegate.swift */; };
		B20054F128A7A074001FDAC4 /* SceneDelegate.swift in Sources */ = {isa = PBXBuildFile; fileRef = B20054F028A7A074001FDAC4 /* SceneDelegate.swift */; };
		B20054F328A7A074001FDAC4 /* ViewController.swift in Sources */ = {isa = PBXBuildFile; fileRef = B20054F228A7A074001FDAC4 /* ViewController.swift */; };
		B20054F628A7A074001FDAC4 /* Main.storyboard in Resources */ = {isa = PBXBuildFile; fileRef = B20054F428A7A074001FDAC4 /* Main.storyboard */; };
		B20054F828A7A076001FDAC4 /* Assets.xcassets in Resources */ = {isa = PBXBuildFile; fileRef = B20054F728A7A076001FDAC4 /* Assets.xcassets */; };
		B20054FB28A7A076001FDAC4 /* LaunchScreen.storyboard in Resources */ = {isa = PBXBuildFile; fileRef = B20054F928A7A076001FDAC4 /* LaunchScreen.storyboard */; };
		B200550328A7A569001FDAC4 /* SuguePushViewController.swift in Sources */ = {isa = PBXBuildFile; fileRef = B200550228A7A569001FDAC4 /* SuguePushViewController.swift */; };
		B200550528A7AB27001FDAC4 /* SuguePresentViewController.swift in Sources */ = {isa = PBXBuildFile; fileRef = B200550428A7AB27001FDAC4 /* SuguePresentViewController.swift */; };
		B200550728AA318E001FDAC4 /* CodePushViewController.swift in Sources */ = {isa = PBXBuildFile; fileRef = B200550628AA318E001FDAC4 /* CodePushViewController.swift */; };
		B21EE17B28AA3A5E00180B09 /* CodePresentViewController.swift in Sources */ = {isa = PBXBuildFile; fileRef = B21EE17A28AA3A5E00180B09 /* CodePresentViewController.swift */; };
/* End PBXBuildFile section */

/* Begin PBXFileReference section */
		B20054EB28A7A074001FDAC4 /* ScreenTransitionExample.app */ = {isa = PBXFileReference; explicitFileType = wrapper.application; includeInIndex = 0; path = ScreenTransitionExample.app; sourceTree = BUILT_PRODUCTS_DIR; };
		B20054EE28A7A074001FDAC4 /* AppDelegate.swift */ = {isa = PBXFileReference; lastKnownFileType = sourcecode.swift; path = AppDelegate.swift; sourceTree = "<group>"; };
		B20054F028A7A074001FDAC4 /* SceneDelegate.swift */ = {isa = PBXFileReference; lastKnownFileType = sourcecode.swift; path = SceneDelegate.swift; sourceTree = "<group>"; };
		B20054F228A7A074001FDAC4 /* ViewController.swift */ = {isa = PBXFileReference; lastKnownFileType = sourcecode.swift; path = ViewController.swift; sourceTree = "<group>"; };
		B20054F528A7A074001FDAC4 /* Base */ = {isa = PBXFileReference; lastKnownFileType = file.storyboard; name = Base; path = Base.lproj/Main.storyboard; sourceTree = "<group>"; };
		B20054F728A7A076001FDAC4 /* Assets.xcassets */ = {isa = PBXFileReference; lastKnownFileType = folder.assetcatalog; path = Assets.xcassets; sourceTree = "<group>"; };
		B20054FA28A7A076001FDAC4 /* Base */ = {isa = PBXFileReference; lastKnownFileType = file.storyboard; name = Base; path = Base.lproj/LaunchScreen.storyboard; sourceTree = "<group>"; };
		B20054FC28A7A076001FDAC4 /* Info.plist */ = {isa = PBXFileReference; lastKnownFileType = text.plist.xml; path = Info.plist; sourceTree = "<group>"; };
		B200550228A7A569001FDAC4 /* SuguePushViewController.swift */ = {isa = PBXFileReference; lastKnownFileType = sourcecode.swift; path = SuguePushViewController.swift; sourceTree = "<group>"; };
		B200550428A7AB27001FDAC4 /* SuguePresentViewController.swift */ = {isa = PBXFileReference; lastKnownFileType = sourcecode.swift; path = SuguePresentViewController.swift; sourceTree = "<group>"; };
		B200550628AA318E001FDAC4 /* CodePushViewController.swift */ = {isa = PBXFileReference; lastKnownFileType = sourcecode.swift; path = CodePushViewController.swift; sourceTree = "<group>"; };
		B21EE17A28AA3A5E00180B09 /* CodePresentViewController.swift */ = {isa = PBXFileReference; lastKnownFileType = sourcecode.swift; path = CodePresentViewController.swift; sourceTree = "<group>"; };
/* End PBXFileReference section */

/* Begin PBXFrameworksBuildPhase section */
		B20054E828A7A074001FDAC4 /* Frameworks */ = {
			isa = PBXFrameworksBuildPhase;
			buildActionMask = 2147483647;
			files = (
			);
			runOnlyForDeploymentPostprocessing = 0;
		};
/* End PBXFrameworksBuildPhase section */

/* Begin PBXGroup section */
		B20054E228A7A074001FDAC4 = {
			isa = PBXGroup;
			children = (
				B20054ED28A7A074001FDAC4 /* ScreenTransitionExample */,
				B20054EC28A7A074001FDAC4 /* Products */,
			);
			sourceTree = "<group>";
		};
		B20054EC28A7A074001FDAC4 /* Products */ = {
			isa = PBXGroup;
			children = (
				B20054EB28A7A074001FDAC4 /* ScreenTransitionExample.app */,
			);
			name = Products;
			sourceTree = "<group>";
		};
		B20054ED28A7A074001FDAC4 /* ScreenTransitionExample */ = {
			isa = PBXGroup;
			children = (
				B20054EE28A7A074001FDAC4 /* AppDelegate.swift */,
				B20054F028A7A074001FDAC4 /* SceneDelegate.swift */,
				B20054F228A7A074001FDAC4 /* ViewController.swift */,
				B20054F428A7A074001FDAC4 /* Main.storyboard */,
				B20054F728A7A076001FDAC4 /* Assets.xcassets */,
				B20054F928A7A076001FDAC4 /* LaunchScreen.storyboard */,
				B20054FC28A7A076001FDAC4 /* Info.plist */,
				B200550228A7A569001FDAC4 /* SuguePushViewController.swift */,
				B200550428A7AB27001FDAC4 /* SuguePresentViewController.swift */,
				B200550628AA318E001FDAC4 /* CodePushViewController.swift */,
				B21EE17A28AA3A5E00180B09 /* CodePresentViewController.swift */,
			);
			path = ScreenTransitionExample;
			sourceTree = "<group>";
		};
/* End PBXGroup section */

/* Begin PBXNativeTarget section */
		B20054EA28A7A074001FDAC4 /* ScreenTransitionExample */ = {
			isa = PBXNativeTarget;
			buildConfigurationList = B20054FF28A7A076001FDAC4 /* Build configuration list for PBXNativeTarget "ScreenTransitionExample" */;
			buildPhases = (
				B20054E728A7A074001FDAC4 /* Sources */,
				B20054E828A7A074001FDAC4 /* Frameworks */,
				B20054E928A7A074001FDAC4 /* Resources */,
			);
			buildRules = (
			);
			dependencies = (
			);
			name = ScreenTransitionExample;
			productName = ScreenTransitionExample;
			productReference = B20054EB28A7A074001FDAC4 /* ScreenTransitionExample.app */;
			productType = "com.apple.product-type.application";
		};
/* End PBXNativeTarget section */

/* Begin PBXProject section */
		B20054E328A7A074001FDAC4 /* Project object */ = {
			isa = PBXProject;
			attributes = {
				BuildIndependentTargetsInParallel = 1;
				LastSwiftUpdateCheck = 1340;
				LastUpgradeCheck = 1340;
				TargetAttributes = {
					B20054EA28A7A074001FDAC4 = {
						CreatedOnToolsVersion = 13.4.1;
					};
				};
			};
			buildConfigurationList = B20054E628A7A074001FDAC4 /* Build configuration list for PBXProject "ScreenTransitionExample" */;
			compatibilityVersion = "Xcode 13.0";
			developmentRegion = en;
			hasScannedForEncodings = 0;
			knownRegions = (
				en,
				Base,
			);
			mainGroup = B20054E228A7A074001FDAC4;
			productRefGroup = B20054EC28A7A074001FDAC4 /* Products */;
			projectDirPath = "";
			projectRoot = "";
			targets = (
				B20054EA28A7A074001FDAC4 /* ScreenTransitionExample */,
			);
		};
/* End PBXProject section */

/* Begin PBXResourcesBuildPhase section */
		B20054E928A7A074001FDAC4 /* Resources */ = {
			isa = PBXResourcesBuildPhase;
			buildActionMask = 2147483647;
			files = (
				B20054FB28A7A076001FDAC4 /* LaunchScreen.storyboard in Resources */,
				B20054F828A7A076001FDAC4 /* Assets.xcassets in Resources */,
				B20054F628A7A074001FDAC4 /* Main.storyboard in Resources */,
			);
			runOnlyForDeploymentPostprocessing = 0;
		};
/* End PBXResourcesBuildPhase section */

/* Begin PBXSourcesBuildPhase section */
		B20054E728A7A074001FDAC4 /* Sources */ = {
			isa = PBXSourcesBuildPhase;
			buildActionMask = 2147483647;
			files = (
				B200550528A7AB27001FDAC4 /* SuguePresentViewController.swift in Sources */,
				B200550728AA318E001FDAC4 /* CodePushViewController.swift in Sources */,
				B200550328A7A569001FDAC4 /* SuguePushViewController.swift in Sources */,
				B20054F328A7A074001FDAC4 /* ViewController.swift in Sources */,
				B21EE17B28AA3A5E00180B09 /* CodePresentViewController.swift in Sources */,
				B20054EF28A7A074001FDAC4 /* AppDelegate.swift in Sources */,
				B20054F128A7A074001FDAC4 /* SceneDelegate.swift in Sources */,
			);
			runOnlyForDeploymentPostprocessing = 0;
		};
/* End PBXSourcesBuildPhase section */

/* Begin PBXVariantGroup section */
		B20054F428A7A074001FDAC4 /* Main.storyboard */ = {
			isa = PBXVariantGroup;
			children = (
				B20054F528A7A074001FDAC4 /* Base */,
			);
			name = Main.storyboard;
			sourceTree = "<group>";
		};
		B20054F928A7A076001FDAC4 /* LaunchScreen.storyboard */ = {
			isa = PBXVariantGroup;
			children = (
				B20054FA28A7A076001FDAC4 /* Base */,
			);
			name = LaunchScreen.storyboard;
			sourceTree = "<group>";
		};
/* End PBXVariantGroup section */

/* Begin XCBuildConfiguration section */
		B20054FD28A7A076001FDAC4 /* Debug */ = {
			isa = XCBuildConfiguration;
			buildSettings = {
				ALWAYS_SEARCH_USER_PATHS = NO;
				CLANG_ANALYZER_NONNULL = YES;
				CLANG_ANALYZER_NUMBER_OBJECT_CONVERSION = YES_AGGRESSIVE;
				CLANG_CXX_LANGUAGE_STANDARD = "gnu++17";
				CLANG_ENABLE_MODULES = YES;
				CLANG_ENABLE_OBJC_ARC = YES;
				CLANG_ENABLE_OBJC_WEAK = YES;
				CLANG_WARN_BLOCK_CAPTURE_AUTORELEASING = YES;
				CLANG_WARN_BOOL_CONVERSION = YES;
				CLANG_WARN_COMMA = YES;
				CLANG_WARN_CONSTANT_CONVERSION = YES;
				CLANG_WARN_DEPRECATED_OBJC_IMPLEMENTATIONS = YES;
				CLANG_WARN_DIRECT_OBJC_ISA_USAGE = YES_ERROR;
				CLANG_WARN_DOCUMENTATION_COMMENTS = YES;
				CLANG_WARN_EMPTY_BODY = YES;
				CLANG_WARN_ENUM_CONVERSION = YES;
				CLANG_WARN_INFINITE_RECURSION = YES;
				CLANG_WARN_INT_CONVERSION = YES;
				CLANG_WARN_NON_LITERAL_NULL_CONVERSION = YES;
				CLANG_WARN_OBJC_IMPLICIT_RETAIN_SELF = YES;
				CLANG_WARN_OBJC_LITERAL_CONVERSION = YES;
				CLANG_WARN_OBJC_ROOT_CLASS = YES_ERROR;
				CLANG_WARN_QUOTED_INCLUDE_IN_FRAMEWORK_HEADER = YES;
				CLANG_WARN_RANGE_LOOP_ANALYSIS = YES;
				CLANG_WARN_STRICT_PROTOTYPES = YES;
				CLANG_WARN_SUSPICIOUS_MOVE = YES;
				CLANG_WARN_UNGUARDED_AVAILABILITY = YES_AGGRESSIVE;
				CLANG_WARN_UNREACHABLE_CODE = YES;
				CLANG_WARN__DUPLICATE_METHOD_MATCH = YES;
				COPY_PHASE_STRIP = NO;
				DEBUG_INFORMATION_FORMAT = dwarf;
				ENABLE_STRICT_OBJC_MSGSEND = YES;
				ENABLE_TESTABILITY = YES;
				GCC_C_LANGUAGE_STANDARD = gnu11;
				GCC_DYNAMIC_NO_PIC = NO;
				GCC_NO_COMMON_BLOCKS = YES;
				GCC_OPTIMIZATION_LEVEL = 0;
				GCC_PREPROCESSOR_DEFINITIONS = (
					"DEBUG=1",
					"$(inherited)",
				);
				GCC_WARN_64_TO_32_BIT_CONVERSION = YES;
				GCC_WARN_ABOUT_RETURN_TYPE = YES_ERROR;
				GCC_WARN_UNDECLARED_SELECTOR = YES;
				GCC_WARN_UNINITIALIZED_AUTOS = YES_AGGRESSIVE;
				GCC_WARN_UNUSED_FUNCTION = YES;
				GCC_WARN_UNUSED_VARIABLE = YES;
				IPHONEOS_DEPLOYMENT_TARGET = 15.5;
				MTL_ENABLE_DEBUG_INFO = INCLUDE_SOURCE;
				MTL_FAST_MATH = YES;
				ONLY_ACTIVE_ARCH = YES;
				SDKROOT = iphoneos;
				SWIFT_ACTIVE_COMPILATION_CONDITIONS = DEBUG;
				SWIFT_OPTIMIZATION_LEVEL = "-Onone";
			};
			name = Debug;
		};
		B20054FE28A7A076001FDAC4 /* Release */ = {
			isa = XCBuildConfiguration;
			buildSettings = {
				ALWAYS_SEARCH_USER_PATHS = NO;
				CLANG_ANALYZER_NONNULL = YES;
				CLANG_ANALYZER_NUMBER_OBJECT_CONVERSION = YES_AGGRESSIVE;
				CLANG_CXX_LANGUAGE_STANDARD = "gnu++17";
				CLANG_ENABLE_MODULES = YES;
				CLANG_ENABLE_OBJC_ARC = YES;
				CLANG_ENABLE_OBJC_WEAK = YES;
				CLANG_WARN_BLOCK_CAPTURE_AUTORELEASING = YES;
				CLANG_WARN_BOOL_CONVERSION = YES;
				CLANG_WARN_COMMA = YES;
				CLANG_WARN_CONSTANT_CONVERSION = YES;
				CLANG_WARN_DEPRECATED_OBJC_IMPLEMENTATIONS = YES;
				CLANG_WARN_DIRECT_OBJC_ISA_USAGE = YES_ERROR;
				CLANG_WARN_DOCUMENTATION_COMMENTS = YES;
				CLANG_WARN_EMPTY_BODY = YES;
				CLANG_WARN_ENUM_CONVERSION = YES;
				CLANG_WARN_INFINITE_RECURSION = YES;
				CLANG_WARN_INT_CONVERSION = YES;
				CLANG_WARN_NON_LITERAL_NULL_CONVERSION = YES;
				CLANG_WARN_OBJC_IMPLICIT_RETAIN_SELF = YES;
				CLANG_WARN_OBJC_LITERAL_CONVERSION = YES;
				CLANG_WARN_OBJC_ROOT_CLASS = YES_ERROR;
				CLANG_WARN_QUOTED_INCLUDE_IN_FRAMEWORK_HEADER = YES;
				CLANG_WARN_RANGE_LOOP_ANALYSIS = YES;
				CLANG_WARN_STRICT_PROTOTYPES = YES;
				CLANG_WARN_SUSPICIOUS_MOVE = YES;
				CLANG_WARN_UNGUARDED_AVAILABILITY = YES_AGGRESSIVE;
				CLANG_WARN_UNREACHABLE_CODE = YES;
				CLANG_WARN__DUPLICATE_METHOD_MATCH = YES;
				COPY_PHASE_STRIP = NO;
				DEBUG_INFORMATION_FORMAT = "dwarf-with-dsym";
				ENABLE_NS_ASSERTIONS = NO;
				ENABLE_STRICT_OBJC_MSGSEND = YES;
				GCC_C_LANGUAGE_STANDARD = gnu11;
				GCC_NO_COMMON_BLOCKS = YES;
				GCC_WARN_64_TO_32_BIT_CONVERSION = YES;
				GCC_WARN_ABOUT_RETURN_TYPE = YES_ERROR;
				GCC_WARN_UNDECLARED_SELECTOR = YES;
				GCC_WARN_UNINITIALIZED_AUTOS = YES_AGGRESSIVE;
				GCC_WARN_UNUSED_FUNCTION = YES;
				GCC_WARN_UNUSED_VARIABLE = YES;
				IPHONEOS_DEPLOYMENT_TARGET = 15.5;
				MTL_ENABLE_DEBUG_INFO = NO;
				MTL_FAST_MATH = YES;
				SDKROOT = iphoneos;
				SWIFT_COMPILATION_MODE = wholemodule;
				SWIFT_OPTIMIZATION_LEVEL = "-O";
				VALIDATE_PRODUCT = YES;
			};
			name = Release;
		};
		B200550028A7A076001FDAC4 /* Debug */ = {
			isa = XCBuildConfiguration;
			buildSettings = {
				ASSETCATALOG_COMPILER_APPICON_NAME = AppIcon;
				ASSETCATALOG_COMPILER_GLOBAL_ACCENT_COLOR_NAME = AccentColor;
				CODE_SIGN_STYLE = Automatic;
				CURRENT_PROJECT_VERSION = 1;
				DEVELOPMENT_TEAM = 5L3LCJLDZ6;
				GENERATE_INFOPLIST_FILE = YES;
				INFOPLIST_FILE = ScreenTransitionExample/Info.plist;
				INFOPLIST_KEY_UIApplicationSupportsIndirectInputEvents = YES;
				INFOPLIST_KEY_UILaunchStoryboardName = LaunchScreen;
				INFOPLIST_KEY_UIMainStoryboardFile = Main;
				INFOPLIST_KEY_UISupportedInterfaceOrientations_iPad = "UIInterfaceOrientationPortrait UIInterfaceOrientationPortraitUpsideDown UIInterfaceOrientationLandscapeLeft UIInterfaceOrientationLandscapeRight";
				INFOPLIST_KEY_UISupportedInterfaceOrientations_iPhone = "UIInterfaceOrientationPortrait UIInterfaceOrientationLandscapeLeft UIInterfaceOrientationLandscapeRight";
				LD_RUNPATH_SEARCH_PATHS = (
					"$(inherited)",
					"@executable_path/Frameworks",
				);
				MARKETING_VERSION = 1.0;
				PRODUCT_BUNDLE_IDENTIFIER = kr.co.yujincompany.ScreenTransitionExample;
				PRODUCT_NAME = "$(TARGET_NAME)";
				SWIFT_EMIT_LOC_STRINGS = YES;
				SWIFT_VERSION = 5.0;
				TARGETED_DEVICE_FAMILY = "1,2";
			};
			name = Debug;
		};
		B200550128A7A076001FDAC4 /* Release */ = {
			isa = XCBuildConfiguration;
			buildSettings = {
				ASSETCATALOG_COMPILER_APPICON_NAME = AppIcon;
				ASSETCATALOG_COMPILER_GLOBAL_ACCENT_COLOR_NAME = AccentColor;
				CODE_SIGN_STYLE = Automatic;
				CURRENT_PROJECT_VERSION = 1;
				DEVELOPMENT_TEAM = 5L3LCJLDZ6;
				GENERATE_INFOPLIST_FILE = YES;
				INFOPLIST_FILE = ScreenTransitionExample/Info.plist;
				INFOPLIST_KEY_UIApplicationSupportsIndirectInputEvents = YES;
				INFOPLIST_KEY_UILaunchStoryboardName = LaunchScreen;
				INFOPLIST_KEY_UIMainStoryboardFile = Main;
				INFOPLIST_KEY_UISupportedInterfaceOrientations_iPad = "UIInterfaceOrientationPortrait UIInterfaceOrientationPortraitUpsideDown UIInterfaceOrientationLandscapeLeft UIInterfaceOrientationLandscapeRight";
				INFOPLIST_KEY_UISupportedInterfaceOrientations_iPhone = "UIInterfaceOrientationPortrait UIInterfaceOrientationLandscapeLeft UIInterfaceOrientationLandscapeRight";
				LD_RUNPATH_SEARCH_PATHS = (
					"$(inherited)",
					"@executable_path/Frameworks",
				);
				MARKETING_VERSION = 1.0;
				PRODUCT_BUNDLE_IDENTIFIER = kr.co.yujincompany.ScreenTransitionExample;
				PRODUCT_NAME = "$(TARGET_NAME)";
				SWIFT_EMIT_LOC_STRINGS = YES;
				SWIFT_VERSION = 5.0;
				TARGETED_DEVICE_FAMILY = "1,2";
			};
			name = Release;
		};
/* End XCBuildConfiguration section */

/* Begin XCConfigurationList section */
		B20054E628A7A074001FDAC4 /* Build configuration list for PBXProject "ScreenTransitionExample" */ = {
			isa = XCConfigurationList;
			buildConfigurations = (
				B20054FD28A7A076001FDAC4 /* Debug */,
				B20054FE28A7A076001FDAC4 /* Release */,
			);
			defaultConfigurationIsVisible = 0;
			defaultConfigurationName = Release;
		};
		B20054FF28A7A076001FDAC4 /* Build configuration list for PBXNativeTarget "ScreenTransitionExample" */ = {
			isa = XCConfigurationList;
			buildConfigurations = (
				B200550028A7A076001FDAC4 /* Debug */,
				B200550128A7A076001FDAC4 /* Release */,
			);
			defaultConfigurationIsVisible = 0;
			defaultConfigurationName = Release;
		};
/* End XCConfigurationList section */
	};
	rootObject = B20054E328A7A074001FDAC4 /* Project object */;
}
